<?xml version="1.0" encoding="utf-8"?>
<Project ToolsVersion="4.0" xmlns="http://schemas.microsoft.com/developer/msbuild/2003">
  <ItemGroup>
    <Filter Include="Header Files">
      <UniqueIdentifier>{4e258555-01e9-463e-b070-2457d97bd684}</UniqueIdentifier>
    </Filter>
    <Filter Include="Source Files">
      <UniqueIdentifier>{eeb11d05-311f-43b6-8ab3-845f4b79be7c}</UniqueIdentifier>
    </Filter>
  </ItemGroup>
  <ItemGroup>
    <ClInclude Include="src\poker.h">
      <Filter>Header Files</Filter>
    </ClInclude>
    <ClInclude Include="src\hunter.h">
      <Filter>Header Files</Filter>
    </ClInclude>
  </ItemGroup>
  <ItemGroup>
    <ClCompile Include="src\ht_handprocess.cpp">
      <Filter>Source Files</Filter>
    </ClCompile>
    <ClCompile Include="src\ht_main.cpp">
      <Filter>Source Files</Filter>
    </ClCompile>
    <ClCompile Include="src\ht_parser.cpp">
      <Filter>Source Files</Filter>
    </ClCompile>
    <ClCompile Include="src\ht_play.cpp">
      <Filter>Source Files</Filter>
    </ClCompile>
    <ClCompile Include="src\ht_sock.cpp">
      <Filter>Source Files</Filter>
    </ClCompile>
    <ClCompile Include="src\ht_table.cpp">
      <Filter>Source Files</Filter>
    </ClCompile>
    <ClCompile Include="src\ht_eval.cpp">
      <Filter>Source Files</Filter>
    </ClCompile>
    <ClCompile Include="src\ht_ai_advanced.cpp">
      <Filter>Source Files</Filter>
    </ClCompile>
    <ClCompile Include="src\ht_ai_basic.cpp">
      <Filter>Source Files</Filter>
    </ClCompile>
  </ItemGroup>
</Project>